
Microsoft Visual Studio Solution File, Format Version 12.00
# Visual Studio Version 17
VisualStudioVersion = 17.7.34003.232
MinimumVisualStudioVersion = 10.0.40219.1
Project("{FAE04EC0-301F-11D3-BF4B-00C04F79EFBC}") = "DS2Recursion", "DS2Recursion\DS2Recursion.csproj", "{D4C24616-0033-4E27-A66D-4CE205A4C823}"
EndProject
Global
	GlobalSection(SolutionConfigurationPlatforms) = preSolution
		Debug|Any CPU = Debug|Any CPU
		Release|Any CPU = Release|Any CPU
	EndGlobalSection
	GlobalSection(ProjectConfigurationPlatforms) = postSolution
		{D4C24616-0033-4E27-A66D-4CE205A4C823}.Debug|Any CPU.ActiveCfg = Debug|Any CPU
		{D4C24616-0033-4E27-A66D-4CE205A4C823}.Debug|Any CPU.Build.0 = Debug|Any CPU
		{D4C24616-0033-4E27-A66D-4CE205A4C823}.Release|Any CPU.ActiveCfg = Release|Any CPU
		{D4C24616-0033-4E27-A66D-4CE205A4C823}.Release|Any CPU.Build.0 = Release|Any CPU
	EndGlobalSection
	GlobalSection(SolutionProperties) = preSolution
		HideSolutionNode = FALSE
	EndGlobalSection
	GlobalSection(ExtensibilityGlobals) = postSolution
		SolutionGuid = {BF2014CC-6A27-4C40-970C-0E001FF178A1}
	EndGlobalSection
EndGlobal
